
Microsoft Visual Studio Solution File, Format Version 12.00
# Visual Studio Version 17
VisualStudioVersion = 17.0.31903.59
MinimumVisualStudioVersion = 10.0.40219.1
Project("{FAE04EC0-301F-11D3-BF4B-00C04F79EFBC}") = "Stealer", "Stealer\Stealer.csproj", "{EB3815BF-0627-4C50-AACB-E4995002FB8E}"
EndProject
Global
	GlobalSection(SolutionConfigurationPlatforms) = preSolution
		Debug|Any CPU = Debug|Any CPU
		Release|Any CPU = Release|Any CPU
	EndGlobalSection
	GlobalSection(ProjectConfigurationPlatforms) = postSolution
		{EB3815BF-0627-4C50-AACB-E4995002FB8E}.Debug|Any CPU.ActiveCfg = Debug|Any CPU
		{EB3815BF-0627-4C50-AACB-E4995002FB8E}.Debug|Any CPU.Build.0 = Debug|Any CPU
		{EB3815BF-0627-4C50-AACB-E4995002FB8E}.Release|Any CPU.ActiveCfg = Release|Any CPU
		{EB3815BF-0627-4C50-AACB-E4995002FB8E}.Release|Any CPU.Build.0 = Release|Any CPU
	EndGlobalSection
	GlobalSection(SolutionProperties) = preSolution
		HideSolutionNode = FALSE
	EndGlobalSection
	GlobalSection(ExtensibilityGlobals) = postSolution
		SolutionGuid = {152E3396-E6D9-415B-9210-9DD894874084}
	EndGlobalSection
EndGlobal
